PODS:
  - AdmitadSDK (1.2.0):
    - Alamofire (~> 4.0)
  - Alamofire (4.7.3)

DEPENDENCIES:
  - AdmitadSDK (from `../`)
  - Alamofire (~> 4.7)

SPEC REPOS:
  https://github.com/cocoapods/specs.git:
    - Alamofire

EXTERNAL SOURCES:
  AdmitadSDK:
    :path: "../"

SPEC CHECKSUMS:
  AdmitadSDK: ae3f1222a4cf334bc301a55cca74be56469db48c
  Alamofire: c7287b6e5d7da964a70935e5db17046b7fde6568

PODFILE CHECKSUM: f8698162f4496884f72cd3d1543452706092ec93

COCOAPODS: 1.6.1
